
Microsoft Visual Studio Solution File, Format Version 12.00
# Visual Studio Version 17
VisualStudioVersion = 17.6.33712.159
MinimumVisualStudioVersion = 10.0.40219.1
Project("{FAE04EC0-301F-11D3-BF4B-00C04F79EFBC}") = "IssueManagementLibrary", "IssueManagementLibrary.csproj", "{45B8731A-3641-4C2A-A222-86EDD2629E47}"
EndProject
Project("{FAE04EC0-301F-11D3-BF4B-00C04F79EFBC}") = "IssueManagementApplication", "..\IssueManagementApplication\IssueManagementApplication.csproj", "{E63023B8-4B37-4D4C-ACF2-D038A2C4DF18}"
EndProject
Global
	GlobalSection(SolutionConfigurationPlatforms) = preSolution
		Debug|Any CPU = Debug|Any CPU
		Release|Any CPU = Release|Any CPU
	EndGlobalSection
	GlobalSection(ProjectConfigurationPlatforms) = postSolution
		{45B8731A-3641-4C2A-A222-86EDD2629E47}.Debug|Any CPU.ActiveCfg = Debug|Any CPU
		{45B8731A-3641-4C2A-A222-86EDD2629E47}.Debug|Any CPU.Build.0 = Debug|Any CPU
		{45B8731A-3641-4C2A-A222-86EDD2629E47}.Release|Any CPU.ActiveCfg = Release|Any CPU
		{45B8731A-3641-4C2A-A222-86EDD2629E47}.Release|Any CPU.Build.0 = Release|Any CPU
		{E63023B8-4B37-4D4C-ACF2-D038A2C4DF18}.Debug|Any CPU.ActiveCfg = Debug|Any CPU
		{E63023B8-4B37-4D4C-ACF2-D038A2C4DF18}.Debug|Any CPU.Build.0 = Debug|Any CPU
		{E63023B8-4B37-4D4C-ACF2-D038A2C4DF18}.Release|Any CPU.ActiveCfg = Release|Any CPU
		{E63023B8-4B37-4D4C-ACF2-D038A2C4DF18}.Release|Any CPU.Build.0 = Release|Any CPU
	EndGlobalSection
	GlobalSection(SolutionProperties) = preSolution
		HideSolutionNode = FALSE
	EndGlobalSection
	GlobalSection(ExtensibilityGlobals) = postSolution
		SolutionGuid = {2C78D23C-13FC-4BCC-AAE1-901440F27615}
	EndGlobalSection
EndGlobal
